
Microsoft Visual Studio Solution File, Format Version 12.00
# Visual Studio 2013
VisualStudioVersion = 12.0.31101.0
MinimumVisualStudioVersion = 10.0.40219.1
Project("{FAE04EC0-301F-11D3-BF4B-00C04F79EFBC}") = "ExampleWinApp", "ExampleWinApp\ExampleWinApp.csproj", "{F59DDFC9-17A3-4B34-B539-CC871EF7FFE0}"
EndProject
Project("{FAE04EC0-301F-11D3-BF4B-00C04F79EFBC}") = "ExampleWinApp.Base", "ExampleWinApp.Base\ExampleWinApp.Base.csproj", "{EA5763CA-2BC6-4D55-B57B-9C6834E95D4E}"
EndProject
Project("{FAE04EC0-301F-11D3-BF4B-00C04F79EFBC}") = "TodoList.DataAccess", "TodoList.DataAccess\TodoList.DataAccess.csproj", "{DFBBC685-549E-453F-8C6E-8CA02658232A}"
EndProject
Project("{FAE04EC0-301F-11D3-BF4B-00C04F79EFBC}") = "TodoList.Entities", "TodoList.Entities\TodoList.Entities.csproj", "{D07F9699-2C17-40BC-851F-0B2146D2684B}"
EndProject
Global
	GlobalSection(SolutionConfigurationPlatforms) = preSolution
		Debug|Any CPU = Debug|Any CPU
		Release|Any CPU = Release|Any CPU
	EndGlobalSection
	GlobalSection(ProjectConfigurationPlatforms) = postSolution
		{F59DDFC9-17A3-4B34-B539-CC871EF7FFE0}.Debug|Any CPU.ActiveCfg = Debug|Any CPU
		{F59DDFC9-17A3-4B34-B539-CC871EF7FFE0}.Debug|Any CPU.Build.0 = Debug|Any CPU
		{F59DDFC9-17A3-4B34-B539-CC871EF7FFE0}.Release|Any CPU.ActiveCfg = Release|Any CPU
		{F59DDFC9-17A3-4B34-B539-CC871EF7FFE0}.Release|Any CPU.Build.0 = Release|Any CPU
		{EA5763CA-2BC6-4D55-B57B-9C6834E95D4E}.Debug|Any CPU.ActiveCfg = Debug|Any CPU
		{EA5763CA-2BC6-4D55-B57B-9C6834E95D4E}.Debug|Any CPU.Build.0 = Debug|Any CPU
		{EA5763CA-2BC6-4D55-B57B-9C6834E95D4E}.Release|Any CPU.ActiveCfg = Release|Any CPU
		{EA5763CA-2BC6-4D55-B57B-9C6834E95D4E}.Release|Any CPU.Build.0 = Release|Any CPU
		{DFBBC685-549E-453F-8C6E-8CA02658232A}.Debug|Any CPU.ActiveCfg = Debug|Any CPU
		{DFBBC685-549E-453F-8C6E-8CA02658232A}.Debug|Any CPU.Build.0 = Debug|Any CPU
		{DFBBC685-549E-453F-8C6E-8CA02658232A}.Release|Any CPU.ActiveCfg = Release|Any CPU
		{DFBBC685-549E-453F-8C6E-8CA02658232A}.Release|Any CPU.Build.0 = Release|Any CPU
		{D07F9699-2C17-40BC-851F-0B2146D2684B}.Debug|Any CPU.ActiveCfg = Debug|Any CPU
		{D07F9699-2C17-40BC-851F-0B2146D2684B}.Debug|Any CPU.Build.0 = Debug|Any CPU
		{D07F9699-2C17-40BC-851F-0B2146D2684B}.Release|Any CPU.ActiveCfg = Release|Any CPU
		{D07F9699-2C17-40BC-851F-0B2146D2684B}.Release|Any CPU.Build.0 = Release|Any CPU
	EndGlobalSection
	GlobalSection(SolutionProperties) = preSolution
		HideSolutionNode = FALSE
	EndGlobalSection
EndGlobal
